
Microsoft Visual Studio Solution File, Format Version 12.00
# Visual Studio Version 17
VisualStudioVersion = 17.3.32825.248
MinimumVisualStudioVersion = 10.0.40219.1
Project("{8BC9CEB8-8B4A-11D0-8D11-00A0C91BC942}") = "5월5일", "5월5일\5월5일.vcxproj", "{3493B6EB-7BA9-40B7-AB5E-93BDD8E9A7AD}"
EndProject
Global
	GlobalSection(SolutionConfigurationPlatforms) = preSolution
		Debug|x64 = Debug|x64
		Debug|x86 = Debug|x86
		Release|x64 = Release|x64
		Release|x86 = Release|x86
	EndGlobalSection
	GlobalSection(ProjectConfigurationPlatforms) = postSolution
		{3493B6EB-7BA9-40B7-AB5E-93BDD8E9A7AD}.Debug|x64.ActiveCfg = Debug|x64
		{3493B6EB-7BA9-40B7-AB5E-93BDD8E9A7AD}.Debug|x64.Build.0 = Debug|x64
		{3493B6EB-7BA9-40B7-AB5E-93BDD8E9A7AD}.Debug|x86.ActiveCfg = Debug|Win32
		{3493B6EB-7BA9-40B7-AB5E-93BDD8E9A7AD}.Debug|x86.Build.0 = Debug|Win32
		{3493B6EB-7BA9-40B7-AB5E-93BDD8E9A7AD}.Release|x64.ActiveCfg = Release|x64
		{3493B6EB-7BA9-40B7-AB5E-93BDD8E9A7AD}.Release|x64.Build.0 = Release|x64
		{3493B6EB-7BA9-40B7-AB5E-93BDD8E9A7AD}.Release|x86.ActiveCfg = Release|Win32
		{3493B6EB-7BA9-40B7-AB5E-93BDD8E9A7AD}.Release|x86.Build.0 = Release|Win32
	EndGlobalSection
	GlobalSection(SolutionProperties) = preSolution
		HideSolutionNode = FALSE
	EndGlobalSection
	GlobalSection(ExtensibilityGlobals) = postSolution
		SolutionGuid = {6372784D-D366-41D5-BD6E-F93856563C21}
	EndGlobalSection
EndGlobal
